
Microsoft Visual Studio Solution File, Format Version 11.00
# Visual Studio 2010
Project("{FAE04EC0-301F-11D3-BF4B-00C04F79EFBC}") = "BifCreator", "BifCreator.csproj", "{10FC3ED0-EC9A-492C-A546-2856F37C1085}"
EndProject
Global
	GlobalSection(SolutionConfigurationPlatforms) = preSolution
		Debug|x86 = Debug|x86
		Release|x86 = Release|x86
	EndGlobalSection
	GlobalSection(ProjectConfigurationPlatforms) = postSolution
		{10FC3ED0-EC9A-492C-A546-2856F37C1085}.Debug|x86.ActiveCfg = Debug|x86
		{10FC3ED0-EC9A-492C-A546-2856F37C1085}.Debug|x86.Build.0 = Debug|x86
		{10FC3ED0-EC9A-492C-A546-2856F37C1085}.Release|x86.ActiveCfg = Release|x86
		{10FC3ED0-EC9A-492C-A546-2856F37C1085}.Release|x86.Build.0 = Release|x86
	EndGlobalSection
	GlobalSection(SolutionProperties) = preSolution
		HideSolutionNode = FALSE
	EndGlobalSection
EndGlobal
